
Microsoft Visual Studio Solution File, Format Version 12.00
# Visual Studio Version 16
VisualStudioVersion = 16.0.29905.134
MinimumVisualStudioVersion = 10.0.40219.1
Project("{FAE04EC0-301F-11D3-BF4B-00C04F79EFBC}") = "CovidEnquirer", "CovidEnquirer\CovidEnquirer.csproj", "{452B1523-4C4D-4121-A0C0-F6A308845D63}"
EndProject
Project("{FAE04EC0-301F-11D3-BF4B-00C04F79EFBC}") = "Rtf", "RtfLibrary\Rtf.csproj", "{09090C84-84D1-4884-B30E-80B5E9D5C598}"
EndProject
Project("{FAE04EC0-301F-11D3-BF4B-00C04F79EFBC}") = "CovidTranslator", "CovidTranslator\CovidTranslator.csproj", "{CE2886C0-FEB6-409F-B014-361B58F8E2D3}"
EndProject
Project("{FAE04EC0-301F-11D3-BF4B-00C04F79EFBC}") = "CovidLib", "CovidLib\CovidLib.csproj", "{5DFB711B-95C9-42FE-B3D6-00CD81367758}"
EndProject
Project("{54435603-DBB4-11D2-8724-00A0C9A8B90C}") = "CovidEnquirer.Setup", "CovidEnquirer.Setup\CovidEnquirer.Setup.vdproj", "{D6990154-4E13-4EF4-9B57-7859378F1850}"
EndProject
Project("{930C7802-8A8C-48F9-8165-68863BCCD9DD}") = "CovidEnquirer.WixSetup", "CovidEnquirer.WixSetup\CovidEnquirer.WixSetup.wixproj", "{6FB4A010-AF1C-4ED4-9C76-8C11C5B7CB70}"
EndProject
Global
	GlobalSection(SolutionConfigurationPlatforms) = preSolution
		Debug|Any CPU = Debug|Any CPU
		Debug|x64 = Debug|x64
		Debug|x86 = Debug|x86
		Release|Any CPU = Release|Any CPU
		Release|x64 = Release|x64
		Release|x86 = Release|x86
	EndGlobalSection
	GlobalSection(ProjectConfigurationPlatforms) = postSolution
		{452B1523-4C4D-4121-A0C0-F6A308845D63}.Debug|Any CPU.ActiveCfg = Debug|Any CPU
		{452B1523-4C4D-4121-A0C0-F6A308845D63}.Debug|Any CPU.Build.0 = Debug|Any CPU
		{452B1523-4C4D-4121-A0C0-F6A308845D63}.Debug|x64.ActiveCfg = Debug|Any CPU
		{452B1523-4C4D-4121-A0C0-F6A308845D63}.Debug|x64.Build.0 = Debug|Any CPU
		{452B1523-4C4D-4121-A0C0-F6A308845D63}.Debug|x86.ActiveCfg = Debug|Any CPU
		{452B1523-4C4D-4121-A0C0-F6A308845D63}.Debug|x86.Build.0 = Debug|Any CPU
		{452B1523-4C4D-4121-A0C0-F6A308845D63}.Release|Any CPU.ActiveCfg = Release|Any CPU
		{452B1523-4C4D-4121-A0C0-F6A308845D63}.Release|Any CPU.Build.0 = Release|Any CPU
		{452B1523-4C4D-4121-A0C0-F6A308845D63}.Release|x64.ActiveCfg = Release|Any CPU
		{452B1523-4C4D-4121-A0C0-F6A308845D63}.Release|x64.Build.0 = Release|Any CPU
		{452B1523-4C4D-4121-A0C0-F6A308845D63}.Release|x86.ActiveCfg = Release|Any CPU
		{452B1523-4C4D-4121-A0C0-F6A308845D63}.Release|x86.Build.0 = Release|Any CPU
		{09090C84-84D1-4884-B30E-80B5E9D5C598}.Debug|Any CPU.ActiveCfg = Debug|Any CPU
		{09090C84-84D1-4884-B30E-80B5E9D5C598}.Debug|Any CPU.Build.0 = Debug|Any CPU
		{09090C84-84D1-4884-B30E-80B5E9D5C598}.Debug|x64.ActiveCfg = Debug|Any CPU
		{09090C84-84D1-4884-B30E-80B5E9D5C598}.Debug|x64.Build.0 = Debug|Any CPU
		{09090C84-84D1-4884-B30E-80B5E9D5C598}.Debug|x86.ActiveCfg = Debug|Any CPU
		{09090C84-84D1-4884-B30E-80B5E9D5C598}.Debug|x86.Build.0 = Debug|Any CPU
		{09090C84-84D1-4884-B30E-80B5E9D5C598}.Release|Any CPU.ActiveCfg = Release|Any CPU
		{09090C84-84D1-4884-B30E-80B5E9D5C598}.Release|Any CPU.Build.0 = Release|Any CPU
		{09090C84-84D1-4884-B30E-80B5E9D5C598}.Release|x64.ActiveCfg = Release|Any CPU
		{09090C84-84D1-4884-B30E-80B5E9D5C598}.Release|x64.Build.0 = Release|Any CPU
		{09090C84-84D1-4884-B30E-80B5E9D5C598}.Release|x86.ActiveCfg = Release|Any CPU
		{09090C84-84D1-4884-B30E-80B5E9D5C598}.Release|x86.Build.0 = Release|Any CPU
		{CE2886C0-FEB6-409F-B014-361B58F8E2D3}.Debug|Any CPU.ActiveCfg = Debug|Any CPU
		{CE2886C0-FEB6-409F-B014-361B58F8E2D3}.Debug|Any CPU.Build.0 = Debug|Any CPU
		{CE2886C0-FEB6-409F-B014-361B58F8E2D3}.Debug|x64.ActiveCfg = Debug|Any CPU
		{CE2886C0-FEB6-409F-B014-361B58F8E2D3}.Debug|x64.Build.0 = Debug|Any CPU
		{CE2886C0-FEB6-409F-B014-361B58F8E2D3}.Debug|x86.ActiveCfg = Debug|Any CPU
		{CE2886C0-FEB6-409F-B014-361B58F8E2D3}.Debug|x86.Build.0 = Debug|Any CPU
		{CE2886C0-FEB6-409F-B014-361B58F8E2D3}.Release|Any CPU.ActiveCfg = Release|Any CPU
		{CE2886C0-FEB6-409F-B014-361B58F8E2D3}.Release|Any CPU.Build.0 = Release|Any CPU
		{CE2886C0-FEB6-409F-B014-361B58F8E2D3}.Release|x64.ActiveCfg = Release|Any CPU
		{CE2886C0-FEB6-409F-B014-361B58F8E2D3}.Release|x64.Build.0 = Release|Any CPU
		{CE2886C0-FEB6-409F-B014-361B58F8E2D3}.Release|x86.ActiveCfg = Release|Any CPU
		{CE2886C0-FEB6-409F-B014-361B58F8E2D3}.Release|x86.Build.0 = Release|Any CPU
		{5DFB711B-95C9-42FE-B3D6-00CD81367758}.Debug|Any CPU.ActiveCfg = Debug|Any CPU
		{5DFB711B-95C9-42FE-B3D6-00CD81367758}.Debug|Any CPU.Build.0 = Debug|Any CPU
		{5DFB711B-95C9-42FE-B3D6-00CD81367758}.Debug|x64.ActiveCfg = Debug|Any CPU
		{5DFB711B-95C9-42FE-B3D6-00CD81367758}.Debug|x64.Build.0 = Debug|Any CPU
		{5DFB711B-95C9-42FE-B3D6-00CD81367758}.Debug|x86.ActiveCfg = Debug|Any CPU
		{5DFB711B-95C9-42FE-B3D6-00CD81367758}.Debug|x86.Build.0 = Debug|Any CPU
		{5DFB711B-95C9-42FE-B3D6-00CD81367758}.Release|Any CPU.ActiveCfg = Release|Any CPU
		{5DFB711B-95C9-42FE-B3D6-00CD81367758}.Release|Any CPU.Build.0 = Release|Any CPU
		{5DFB711B-95C9-42FE-B3D6-00CD81367758}.Release|x64.ActiveCfg = Release|Any CPU
		{5DFB711B-95C9-42FE-B3D6-00CD81367758}.Release|x64.Build.0 = Release|Any CPU
		{5DFB711B-95C9-42FE-B3D6-00CD81367758}.Release|x86.ActiveCfg = Release|Any CPU
		{5DFB711B-95C9-42FE-B3D6-00CD81367758}.Release|x86.Build.0 = Release|Any CPU
		{D6990154-4E13-4EF4-9B57-7859378F1850}.Debug|Any CPU.ActiveCfg = Debug
		{D6990154-4E13-4EF4-9B57-7859378F1850}.Debug|Any CPU.Build.0 = Debug
		{D6990154-4E13-4EF4-9B57-7859378F1850}.Debug|x64.ActiveCfg = Debug
		{D6990154-4E13-4EF4-9B57-7859378F1850}.Debug|x64.Build.0 = Debug
		{D6990154-4E13-4EF4-9B57-7859378F1850}.Debug|x86.ActiveCfg = Debug
		{D6990154-4E13-4EF4-9B57-7859378F1850}.Debug|x86.Build.0 = Debug
		{D6990154-4E13-4EF4-9B57-7859378F1850}.Release|Any CPU.ActiveCfg = Release
		{D6990154-4E13-4EF4-9B57-7859378F1850}.Release|Any CPU.Build.0 = Release
		{D6990154-4E13-4EF4-9B57-7859378F1850}.Release|x64.ActiveCfg = Release
		{D6990154-4E13-4EF4-9B57-7859378F1850}.Release|x64.Build.0 = Release
		{D6990154-4E13-4EF4-9B57-7859378F1850}.Release|x86.ActiveCfg = Release
		{D6990154-4E13-4EF4-9B57-7859378F1850}.Release|x86.Build.0 = Release
		{6FB4A010-AF1C-4ED4-9C76-8C11C5B7CB70}.Debug|Any CPU.ActiveCfg = Debug|x86
		{6FB4A010-AF1C-4ED4-9C76-8C11C5B7CB70}.Debug|x64.ActiveCfg = Debug|x86
		{6FB4A010-AF1C-4ED4-9C76-8C11C5B7CB70}.Debug|x86.ActiveCfg = Debug|x86
		{6FB4A010-AF1C-4ED4-9C76-8C11C5B7CB70}.Debug|x86.Build.0 = Debug|x86
		{6FB4A010-AF1C-4ED4-9C76-8C11C5B7CB70}.Release|Any CPU.ActiveCfg = Release|x86
		{6FB4A010-AF1C-4ED4-9C76-8C11C5B7CB70}.Release|x64.ActiveCfg = Release|x86
		{6FB4A010-AF1C-4ED4-9C76-8C11C5B7CB70}.Release|x86.ActiveCfg = Release|x86
		{6FB4A010-AF1C-4ED4-9C76-8C11C5B7CB70}.Release|x86.Build.0 = Release|x86
	EndGlobalSection
	GlobalSection(SolutionProperties) = preSolution
		HideSolutionNode = FALSE
	EndGlobalSection
	GlobalSection(ExtensibilityGlobals) = postSolution
		SolutionGuid = {7A582808-24F9-4F35-9860-9CF06DA30387}
	EndGlobalSection
EndGlobal
